
Microsoft Visual Studio Solution File, Format Version 12.00
# Visual Studio Version 16
VisualStudioVersion = 16.0.30011.22
MinimumVisualStudioVersion = 10.0.40219.1
Project("{FAE04EC0-301F-11D3-BF4B-00C04F79EFBC}") = "Laba1", "Laba1\Laba1.csproj", "{ADC44C5B-BE94-4976-80D8-3B50D2B0E8CA}"
EndProject
Global
	GlobalSection(SolutionConfigurationPlatforms) = preSolution
		Debug|Any CPU = Debug|Any CPU
		Release|Any CPU = Release|Any CPU
	EndGlobalSection
	GlobalSection(ProjectConfigurationPlatforms) = postSolution
		{ADC44C5B-BE94-4976-80D8-3B50D2B0E8CA}.Debug|Any CPU.ActiveCfg = Debug|Any CPU
		{ADC44C5B-BE94-4976-80D8-3B50D2B0E8CA}.Debug|Any CPU.Build.0 = Debug|Any CPU
		{ADC44C5B-BE94-4976-80D8-3B50D2B0E8CA}.Release|Any CPU.ActiveCfg = Release|Any CPU
		{ADC44C5B-BE94-4976-80D8-3B50D2B0E8CA}.Release|Any CPU.Build.0 = Release|Any CPU
	EndGlobalSection
	GlobalSection(SolutionProperties) = preSolution
		HideSolutionNode = FALSE
	EndGlobalSection
	GlobalSection(ExtensibilityGlobals) = postSolution
		SolutionGuid = {DFB46326-EE64-4BA5-9AAF-257CC42CEC70}
	EndGlobalSection
EndGlobal
